// !$*UTF8*$!
{
	archiveVersion = 1;
	classes = {
	};
	objectVersion = 50;
	objects = {

/* Begin PBXBuildFile section */
		FA034C222650E06D0055A39E /* NavConfig.swift in Sources */ = {isa = PBXBuildFile; fileRef = FA034C212650E06D0055A39E /* NavConfig.swift */; };
		FA034C26265111CB0055A39E /* Wallet.swift in Sources */ = {isa = PBXBuildFile; fileRef = FA034C25265111CB0055A39E /* Wallet.swift */; };
		FA15F384264AA7F9001B15D9 /* AppDelegate.swift in Sources */ = {isa = PBXBuildFile; fileRef = FA15F383264AA7F9001B15D9 /* AppDelegate.swift */; };
		FA15F386264AA7F9001B15D9 /* SceneDelegate.swift in Sources */ = {isa = PBXBuildFile; fileRef = FA15F385264AA7F9001B15D9 /* SceneDelegate.swift */; };
		FA15F38D264AA7FB001B15D9 /* Assets.xcassets in Resources */ = {isa = PBXBuildFile; fileRef = FA15F38C264AA7FB001B15D9 /* Assets.xcassets */; };
		FA15F390264AA7FB001B15D9 /* LaunchScreen.storyboard in Resources */ = {isa = PBXBuildFile; fileRef = FA15F38E264AA7FB001B15D9 /* LaunchScreen.storyboard */; };
		FA15F3A2264AC5BE001B15D9 /* MainTabController.swift in Sources */ = {isa = PBXBuildFile; fileRef = FA15F3A0264AC5BE001B15D9 /* MainTabController.swift */; };
		FA15F3A3264AC5BE001B15D9 /* MainTabController.xib in Resources */ = {isa = PBXBuildFile; fileRef = FA15F3A1264AC5BE001B15D9 /* MainTabController.xib */; };
		FA15F3BE264AC7D2001B15D9 /* HomeViewController.swift in Sources */ = {isa = PBXBuildFile; fileRef = FA15F3BC264AC7D2001B15D9 /* HomeViewController.swift */; };
		FA15F3BF264AC7D2001B15D9 /* HomeViewController.xib in Resources */ = {isa = PBXBuildFile; fileRef = FA15F3BD264AC7D2001B15D9 /* HomeViewController.xib */; };
		FA15F3C4264AC86E001B15D9 /* DreamViewController.swift in Sources */ = {isa = PBXBuildFile; fileRef = FA15F3C2264AC86E001B15D9 /* DreamViewController.swift */; };
		FA15F3C5264AC86E001B15D9 /* DreamViewController.xib in Resources */ = {isa = PBXBuildFile; fileRef = FA15F3C3264AC86E001B15D9 /* DreamViewController.xib */; };
		FA15F3CB264AC888001B15D9 /* ProfileViewController.swift in Sources */ = {isa = PBXBuildFile; fileRef = FA15F3C9264AC888001B15D9 /* ProfileViewController.swift */; };
		FA15F3CC264AC888001B15D9 /* ProfileViewController.xib in Resources */ = {isa = PBXBuildFile; fileRef = FA15F3CA264AC888001B15D9 /* ProfileViewController.xib */; };
		FA15F40D264AD024001B15D9 /* Poppins-Black.ttf in Resources */ = {isa = PBXBuildFile; fileRef = FA15F3FB264ACFFA001B15D9 /* Poppins-Black.ttf */; };
		FA15F40E264AD024001B15D9 /* Poppins-BlackItalic.ttf in Resources */ = {isa = PBXBuildFile; fileRef = FA15F3FE264ACFFB001B15D9 /* Poppins-BlackItalic.ttf */; };
		FA15F40F264AD024001B15D9 /* Poppins-Bold.ttf in Resources */ = {isa = PBXBuildFile; fileRef = FA15F3FC264ACFFB001B15D9 /* Poppins-Bold.ttf */; };
		FA15F410264AD024001B15D9 /* Poppins-BoldItalic.ttf in Resources */ = {isa = PBXBuildFile; fileRef = FA15F401264ACFFB001B15D9 /* Poppins-BoldItalic.ttf */; };
		FA15F411264AD024001B15D9 /* Poppins-ExtraBold.ttf in Resources */ = {isa = PBXBuildFile; fileRef = FA15F40A264ACFFB001B15D9 /* Poppins-ExtraBold.ttf */; };
		FA15F412264AD024001B15D9 /* Poppins-ExtraBoldItalic.ttf in Resources */ = {isa = PBXBuildFile; fileRef = FA15F404264ACFFB001B15D9 /* Poppins-ExtraBoldItalic.ttf */; };
		FA15F413264AD024001B15D9 /* Poppins-ExtraLight.ttf in Resources */ = {isa = PBXBuildFile; fileRef = FA15F407264ACFFB001B15D9 /* Poppins-ExtraLight.ttf */; };
		FA15F414264AD024001B15D9 /* Poppins-ExtraLightItalic.ttf in Resources */ = {isa = PBXBuildFile; fileRef = FA15F3FD264ACFFB001B15D9 /* Poppins-ExtraLightItalic.ttf */; };
		FA15F415264AD024001B15D9 /* Poppins-Italic.ttf in Resources */ = {isa = PBXBuildFile; fileRef = FA15F3FF264ACFFB001B15D9 /* Poppins-Italic.ttf */; };
		FA15F416264AD024001B15D9 /* Poppins-Light.ttf in Resources */ = {isa = PBXBuildFile; fileRef = FA15F409264ACFFB001B15D9 /* Poppins-Light.ttf */; };
		FA15F417264AD024001B15D9 /* Poppins-LightItalic.ttf in Resources */ = {isa = PBXBuildFile; fileRef = FA15F405264ACFFB001B15D9 /* Poppins-LightItalic.ttf */; };
		FA15F418264AD024001B15D9 /* Poppins-Medium.ttf in Resources */ = {isa = PBXBuildFile; fileRef = FA15F406264ACFFB001B15D9 /* Poppins-Medium.ttf */; };
		FA15F419264AD024001B15D9 /* Poppins-MediumItalic.ttf in Resources */ = {isa = PBXBuildFile; fileRef = FA15F408264ACFFB001B15D9 /* Poppins-MediumItalic.ttf */; };
		FA15F41A264AD024001B15D9 /* Poppins-Regular.ttf in Resources */ = {isa = PBXBuildFile; fileRef = FA15F3FA264ACFFA001B15D9 /* Poppins-Regular.ttf */; };
		FA15F41B264AD024001B15D9 /* Poppins-SemiBold.ttf in Resources */ = {isa = PBXBuildFile; fileRef = FA15F402264ACFFB001B15D9 /* Poppins-SemiBold.ttf */; };
		FA15F41C264AD024001B15D9 /* Poppins-SemiBoldItalic.ttf in Resources */ = {isa = PBXBuildFile; fileRef = FA15F40B264ACFFB001B15D9 /* Poppins-SemiBoldItalic.ttf */; };
		FA15F41D264AD024001B15D9 /* Poppins-Thin.ttf in Resources */ = {isa = PBXBuildFile; fileRef = FA15F403264ACFFB001B15D9 /* Poppins-Thin.ttf */; };
		FA15F41E264AD024001B15D9 /* Poppins-ThinItalic.ttf in Resources */ = {isa = PBXBuildFile; fileRef = FA15F400264ACFFB001B15D9 /* Poppins-ThinItalic.ttf */; };
		FA15F425264ADC1E001B15D9 /* UsageTableViewCell.swift in Sources */ = {isa = PBXBuildFile; fileRef = FA15F423264ADC1E001B15D9 /* UsageTableViewCell.swift */; };
		FA15F426264ADC1E001B15D9 /* UsageTableViewCell.xib in Resources */ = {isa = PBXBuildFile; fileRef = FA15F424264ADC1E001B15D9 /* UsageTableViewCell.xib */; };
		FA2F8784264E987E00B8BF30 /* ConvertDataType.swift in Sources */ = {isa = PBXBuildFile; fileRef = FA2F8783264E987E00B8BF30 /* ConvertDataType.swift */; };
		FA2F878B264EE58700B8BF30 /* ButtonConfig.swift in Sources */ = {isa = PBXBuildFile; fileRef = FA2F878A264EE58700B8BF30 /* ButtonConfig.swift */; };
		FA2F878E264EE79400B8BF30 /* Shadow.swift in Sources */ = {isa = PBXBuildFile; fileRef = FA2F878D264EE79400B8BF30 /* Shadow.swift */; };
		FA9AF01A264D0E8200EC9109 /* UsageTypeCell.swift in Sources */ = {isa = PBXBuildFile; fileRef = FA9AF018264D0E8200EC9109 /* UsageTypeCell.swift */; };
		FA9AF01B264D0E8200EC9109 /* UsageTypeCell.xib in Resources */ = {isa = PBXBuildFile; fileRef = FA9AF019264D0E8200EC9109 /* UsageTypeCell.xib */; };
		FA9AF01E264D104400EC9109 /* CategoryUsage.swift in Sources */ = {isa = PBXBuildFile; fileRef = FA9AF01D264D104400EC9109 /* CategoryUsage.swift */; };
		FAD7EBB2264AE29D000E752D /* Usage.swift in Sources */ = {isa = PBXBuildFile; fileRef = FAD7EBB1264AE29D000E752D /* Usage.swift */; };
		FAD7EBB7264B82E6000E752D /* Dream.swift in Sources */ = {isa = PBXBuildFile; fileRef = FAD7EBB6264B82E6000E752D /* Dream.swift */; };
		FAD7EBBD264B82FE000E752D /* DreamTableViewCell.swift in Sources */ = {isa = PBXBuildFile; fileRef = FAD7EBBB264B82FE000E752D /* DreamTableViewCell.swift */; };
		FAD7EBBE264B82FE000E752D /* DreamTableViewCell.xib in Resources */ = {isa = PBXBuildFile; fileRef = FAD7EBBC264B82FE000E752D /* DreamTableViewCell.xib */; };
		FAD7EBC5264B90B5000E752D /* DetailUsageViewController.swift in Sources */ = {isa = PBXBuildFile; fileRef = FAD7EBC3264B90B5000E752D /* DetailUsageViewController.swift */; };
		FAD7EBC6264B90B5000E752D /* DetailUsageViewController.xib in Resources */ = {isa = PBXBuildFile; fileRef = FAD7EBC4264B90B5000E752D /* DetailUsageViewController.xib */; };
		FAD7EBD3264B9D47000E752D /* ColorConfig.swift in Sources */ = {isa = PBXBuildFile; fileRef = FAD7EBD2264B9D47000E752D /* ColorConfig.swift */; };
		FAD7EBD7264B9FD7000E752D /* AddUsageViewController.swift in Sources */ = {isa = PBXBuildFile; fileRef = FAD7EBD5264B9FD7000E752D /* AddUsageViewController.swift */; };
		FAD7EBD8264B9FD7000E752D /* AddUsageViewController.xib in Resources */ = {isa = PBXBuildFile; fileRef = FAD7EBD6264B9FD7000E752D /* AddUsageViewController.xib */; };
		FAD7EBE5264BAF7E000E752D /* EditUsageViewController.swift in Sources */ = {isa = PBXBuildFile; fileRef = FAD7EBE3264BAF7E000E752D /* EditUsageViewController.swift */; };
		FAD7EBE6264BAF7E000E752D /* EditUsageViewController.xib in Resources */ = {isa = PBXBuildFile; fileRef = FAD7EBE4264BAF7E000E752D /* EditUsageViewController.xib */; };
		FAD7EBF2264BBEF6000E752D /* DetailDreamViewController.swift in Sources */ = {isa = PBXBuildFile; fileRef = FAD7EBF0264BBEF6000E752D /* DetailDreamViewController.swift */; };
		FAD7EBFF264BC927000E752D /* DetailDreamViewController.xib in Resources */ = {isa = PBXBuildFile; fileRef = FAD7EBF1264BBEF6000E752D /* DetailDreamViewController.xib */; };
		FAD7EC06264BCDE2000E752D /* AddDreamViewController.swift in Sources */ = {isa = PBXBuildFile; fileRef = FAD7EC04264BCDE2000E752D /* AddDreamViewController.swift */; };
		FAD7EC07264BCDE2000E752D /* AddDreamViewController.xib in Resources */ = {isa = PBXBuildFile; fileRef = FAD7EC05264BCDE2000E752D /* AddDreamViewController.xib */; };
		FAD7EC0C264BD06A000E752D /* EditDreamViewController.swift in Sources */ = {isa = PBXBuildFile; fileRef = FAD7EC0A264BD06A000E752D /* EditDreamViewController.swift */; };
		FAD7EC0D264BD06A000E752D /* EditDreamViewController.xib in Resources */ = {isa = PBXBuildFile; fileRef = FAD7EC0B264BD06A000E752D /* EditDreamViewController.xib */; };
		FADFA9CD264F618100965CD8 /* User.swift in Sources */ = {isa = PBXBuildFile; fileRef = FADFA9CC264F618100965CD8 /* User.swift */; };
		FADFA9D1264F657A00965CD8 /* NotFound.swift in Sources */ = {isa = PBXBuildFile; fileRef = FADFA9D0264F657A00965CD8 /* NotFound.swift */; };
		FADFA9D5264F658900965CD8 /* NotFound.xib in Resources */ = {isa = PBXBuildFile; fileRef = FADFA9D4264F658900965CD8 /* NotFound.xib */; };
		FADFA9DB264FA16B00965CD8 /* Config.swift in Sources */ = {isa = PBXBuildFile; fileRef = FADFA9DA264FA16B00965CD8 /* Config.swift */; };
/* End PBXBuildFile section */

/* Begin PBXFileReference section */
		FA034C212650E06D0055A39E /* NavConfig.swift */ = {isa = PBXFileReference; lastKnownFileType = sourcecode.swift; path = NavConfig.swift; sourceTree = "<group>"; };
		FA034C25265111CB0055A39E /* Wallet.swift */ = {isa = PBXFileReference; lastKnownFileType = sourcecode.swift; path = Wallet.swift; sourceTree = "<group>"; };
		FA15F380264AA7F9001B15D9 /* MyMoneeApp.app */ = {isa = PBXFileReference; explicitFileType = wrapper.application; includeInIndex = 0; path = MyMoneeApp.app; sourceTree = BUILT_PRODUCTS_DIR; };
		FA15F383264AA7F9001B15D9 /* AppDelegate.swift */ = {isa = PBXFileReference; lastKnownFileType = sourcecode.swift; path = AppDelegate.swift; sourceTree = "<group>"; };
		FA15F385264AA7F9001B15D9 /* SceneDelegate.swift */ = {isa = PBXFileReference; lastKnownFileType = sourcecode.swift; path = SceneDelegate.swift; sourceTree = "<group>"; };
		FA15F38C264AA7FB001B15D9 /* Assets.xcassets */ = {isa = PBXFileReference; lastKnownFileType = folder.assetcatalog; path = Assets.xcassets; sourceTree = "<group>"; };
		FA15F38F264AA7FB001B15D9 /* Base */ = {isa = PBXFileReference; lastKnownFileType = file.storyboard; name = Base; path = Base.lproj/LaunchScreen.storyboard; sourceTree = "<group>"; };
		FA15F391264AA7FB001B15D9 /* Info.plist */ = {isa = PBXFileReference; lastKnownFileType = text.plist.xml; path = Info.plist; sourceTree = "<group>"; };
		FA15F3A0264AC5BE001B15D9 /* MainTabController.swift */ = {isa = PBXFileReference; lastKnownFileType = sourcecode.swift; path = MainTabController.swift; sourceTree = "<group>"; };
		FA15F3A1264AC5BE001B15D9 /* MainTabController.xib */ = {isa = PBXFileReference; lastKnownFileType = file.xib; path = MainTabController.xib; sourceTree = "<group>"; };
		FA15F3BC264AC7D2001B15D9 /* HomeViewController.swift */ = {isa = PBXFileReference; lastKnownFileType = sourcecode.swift; path = HomeViewController.swift; sourceTree = "<group>"; };
		FA15F3BD264AC7D2001B15D9 /* HomeViewController.xib */ = {isa = PBXFileReference; lastKnownFileType = file.xib; path = HomeViewController.xib; sourceTree = "<group>"; };
		FA15F3C2264AC86E001B15D9 /* DreamViewController.swift */ = {isa = PBXFileReference; lastKnownFileType = sourcecode.swift; path = DreamViewController.swift; sourceTree = "<group>"; };
		FA15F3C3264AC86E001B15D9 /* DreamViewController.xib */ = {isa = PBXFileReference; lastKnownFileType = file.xib; path = DreamViewController.xib; sourceTree = "<group>"; };
		FA15F3C9264AC888001B15D9 /* ProfileViewController.swift */ = {isa = PBXFileReference; lastKnownFileType = sourcecode.swift; path = ProfileViewController.swift; sourceTree = "<group>"; };
		FA15F3CA264AC888001B15D9 /* ProfileViewController.xib */ = {isa = PBXFileReference; lastKnownFileType = file.xib; path = ProfileViewController.xib; sourceTree = "<group>"; };
		FA15F3FA264ACFFA001B15D9 /* Poppins-Regular.ttf */ = {isa = PBXFileReference; lastKnownFileType = file; path = "Poppins-Regular.ttf"; sourceTree = "<group>"; };
		FA15F3FB264ACFFA001B15D9 /* Poppins-Black.ttf */ = {isa = PBXFileReference; lastKnownFileType = file; path = "Poppins-Black.ttf"; sourceTree = "<group>"; };
		FA15F3FC264ACFFB001B15D9 /* Poppins-Bold.ttf */ = {isa = PBXFileReference; lastKnownFileType = file; path = "Poppins-Bold.ttf"; sourceTree = "<group>"; };
		FA15F3FD264ACFFB001B15D9 /* Poppins-ExtraLightItalic.ttf */ = {isa = PBXFileReference; lastKnownFileType = file; path = "Poppins-ExtraLightItalic.ttf"; sourceTree = "<group>"; };
		FA15F3FE264ACFFB001B15D9 /* Poppins-BlackItalic.ttf */ = {isa = PBXFileReference; lastKnownFileType = file; path = "Poppins-BlackItalic.ttf"; sourceTree = "<group>"; };
		FA15F3FF264ACFFB001B15D9 /* Poppins-Italic.ttf */ = {isa = PBXFileReference; lastKnownFileType = file; path = "Poppins-Italic.ttf"; sourceTree = "<group>"; };
		FA15F400264ACFFB001B15D9 /* Poppins-ThinItalic.ttf */ = {isa = PBXFileReference; lastKnownFileType = file; path = "Poppins-ThinItalic.ttf"; sourceTree = "<group>"; };
		FA15F401264ACFFB001B15D9 /* Poppins-BoldItalic.ttf */ = {isa = PBXFileReference; lastKnownFileType = file; path = "Poppins-BoldItalic.ttf"; sourceTree = "<group>"; };
		FA15F402264ACFFB001B15D9 /* Poppins-SemiBold.ttf */ = {isa = PBXFileReference; lastKnownFileType = file; path = "Poppins-SemiBold.ttf"; sourceTree = "<group>"; };
		FA15F403264ACFFB001B15D9 /* Poppins-Thin.ttf */ = {isa = PBXFileReference; lastKnownFileType = file; path = "Poppins-Thin.ttf"; sourceTree = "<group>"; };
		FA15F404264ACFFB001B15D9 /* Poppins-ExtraBoldItalic.ttf */ = {isa = PBXFileReference; lastKnownFileType = file; path = "Poppins-ExtraBoldItalic.ttf"; sourceTree = "<group>"; };
		FA15F405264ACFFB001B15D9 /* Poppins-LightItalic.ttf */ = {isa = PBXFileReference; lastKnownFileType = file; path = "Poppins-LightItalic.ttf"; sourceTree = "<group>"; };
		FA15F406264ACFFB001B15D9 /* Poppins-Medium.ttf */ = {isa = PBXFileReference; lastKnownFileType = file; path = "Poppins-Medium.ttf"; sourceTree = "<group>"; };
		FA15F407264ACFFB001B15D9 /* Poppins-ExtraLight.ttf */ = {isa = PBXFileReference; lastKnownFileType = file; path = "Poppins-ExtraLight.ttf"; sourceTree = "<group>"; };
		FA15F408264ACFFB001B15D9 /* Poppins-MediumItalic.ttf */ = {isa = PBXFileReference; lastKnownFileType = file; path = "Poppins-MediumItalic.ttf"; sourceTree = "<group>"; };
		FA15F409264ACFFB001B15D9 /* Poppins-Light.ttf */ = {isa = PBXFileReference; lastKnownFileType = file; path = "Poppins-Light.ttf"; sourceTree = "<group>"; };
		FA15F40A264ACFFB001B15D9 /* Poppins-ExtraBold.ttf */ = {isa = PBXFileReference; lastKnownFileType = file; path = "Poppins-ExtraBold.ttf"; sourceTree = "<group>"; };
		FA15F40B264ACFFB001B15D9 /* Poppins-SemiBoldItalic.ttf */ = {isa = PBXFileReference; lastKnownFileType = file; path = "Poppins-SemiBoldItalic.ttf"; sourceTree = "<group>"; };
		FA15F423264ADC1E001B15D9 /* UsageTableViewCell.swift */ = {isa = PBXFileReference; lastKnownFileType = sourcecode.swift; path = UsageTableViewCell.swift; sourceTree = "<group>"; };
		FA15F424264ADC1E001B15D9 /* UsageTableViewCell.xib */ = {isa = PBXFileReference; lastKnownFileType = file.xib; path = UsageTableViewCell.xib; sourceTree = "<group>"; };
		FA2F8783264E987E00B8BF30 /* ConvertDataType.swift */ = {isa = PBXFileReference; lastKnownFileType = sourcecode.swift; path = ConvertDataType.swift; sourceTree = "<group>"; };
		FA2F878A264EE58700B8BF30 /* ButtonConfig.swift */ = {isa = PBXFileReference; lastKnownFileType = sourcecode.swift; path = ButtonConfig.swift; sourceTree = "<group>"; };
		FA2F878D264EE79400B8BF30 /* Shadow.swift */ = {isa = PBXFileReference; lastKnownFileType = sourcecode.swift; path = Shadow.swift; sourceTree = "<group>"; };
		FA9AF018264D0E8200EC9109 /* UsageTypeCell.swift */ = {isa = PBXFileReference; lastKnownFileType = sourcecode.swift; path = UsageTypeCell.swift; sourceTree = "<group>"; };
		FA9AF019264D0E8200EC9109 /* UsageTypeCell.xib */ = {isa = PBXFileReference; lastKnownFileType = file.xib; path = UsageTypeCell.xib; sourceTree = "<group>"; };
		FA9AF01D264D104400EC9109 /* CategoryUsage.swift */ = {isa = PBXFileReference; lastKnownFileType = sourcecode.swift; path = CategoryUsage.swift; sourceTree = "<group>"; };
		FAD7EBB1264AE29D000E752D /* Usage.swift */ = {isa = PBXFileReference; lastKnownFileType = sourcecode.swift; path = Usage.swift; sourceTree = "<group>"; };
		FAD7EBB6264B82E6000E752D /* Dream.swift */ = {isa = PBXFileReference; lastKnownFileType = sourcecode.swift; path = Dream.swift; sourceTree = "<group>"; };
		FAD7EBBB264B82FE000E752D /* DreamTableViewCell.swift */ = {isa = PBXFileReference; lastKnownFileType = sourcecode.swift; path = DreamTableViewCell.swift; sourceTree = "<group>"; };
		FAD7EBBC264B82FE000E752D /* DreamTableViewCell.xib */ = {isa = PBXFileReference; lastKnownFileType = file.xib; path = DreamTableViewCell.xib; sourceTree = "<group>"; };
		FAD7EBC3264B90B5000E752D /* DetailUsageViewController.swift */ = {isa = PBXFileReference; lastKnownFileType = sourcecode.swift; path = DetailUsageViewController.swift; sourceTree = "<group>"; };
		FAD7EBC4264B90B5000E752D /* DetailUsageViewController.xib */ = {isa = PBXFileReference; lastKnownFileType = file.xib; path = DetailUsageViewController.xib; sourceTree = "<group>"; };
		FAD7EBD2264B9D47000E752D /* ColorConfig.swift */ = {isa = PBXFileReference; lastKnownFileType = sourcecode.swift; path = ColorConfig.swift; sourceTree = "<group>"; };
		FAD7EBD5264B9FD7000E752D /* AddUsageViewController.swift */ = {isa = PBXFileReference; lastKnownFileType = sourcecode.swift; path = AddUsageViewController.swift; sourceTree = "<group>"; };
		FAD7EBD6264B9FD7000E752D /* AddUsageViewController.xib */ = {isa = PBXFileReference; lastKnownFileType = file.xib; path = AddUsageViewController.xib; sourceTree = "<group>"; };
		FAD7EBE3264BAF7E000E752D /* EditUsageViewController.swift */ = {isa = PBXFileReference; lastKnownFileType = sourcecode.swift; path = EditUsageViewController.swift; sourceTree = "<group>"; };
		FAD7EBE4264BAF7E000E752D /* EditUsageViewController.xib */ = {isa = PBXFileReference; lastKnownFileType = file.xib; path = EditUsageViewController.xib; sourceTree = "<group>"; };
		FAD7EBF0264BBEF6000E752D /* DetailDreamViewController.swift */ = {isa = PBXFileReference; lastKnownFileType = sourcecode.swift; path = DetailDreamViewController.swift; sourceTree = "<group>"; };
		FAD7EBF1264BBEF6000E752D /* DetailDreamViewController.xib */ = {isa = PBXFileReference; lastKnownFileType = file.xib; path = DetailDreamViewController.xib; sourceTree = "<group>"; };
		FAD7EC04264BCDE2000E752D /* AddDreamViewController.swift */ = {isa = PBXFileReference; lastKnownFileType = sourcecode.swift; path = AddDreamViewController.swift; sourceTree = "<group>"; };
		FAD7EC05264BCDE2000E752D /* AddDreamViewController.xib */ = {isa = PBXFileReference; lastKnownFileType = file.xib; path = AddDreamViewController.xib; sourceTree = "<group>"; };
		FAD7EC0A264BD06A000E752D /* EditDreamViewController.swift */ = {isa = PBXFileReference; lastKnownFileType = sourcecode.swift; path = EditDreamViewController.swift; sourceTree = "<group>"; };
		FAD7EC0B264BD06A000E752D /* EditDreamViewController.xib */ = {isa = PBXFileReference; lastKnownFileType = file.xib; path = EditDreamViewController.xib; sourceTree = "<group>"; };
		FADFA9CC264F618100965CD8 /* User.swift */ = {isa = PBXFileReference; lastKnownFileType = sourcecode.swift; path = User.swift; sourceTree = "<group>"; };
		FADFA9D0264F657A00965CD8 /* NotFound.swift */ = {isa = PBXFileReference; lastKnownFileType = sourcecode.swift; path = NotFound.swift; sourceTree = "<group>"; };
		FADFA9D4264F658900965CD8 /* NotFound.xib */ = {isa = PBXFileReference; lastKnownFileType = file.xib; path = NotFound.xib; sourceTree = "<group>"; };
		FADFA9DA264FA16B00965CD8 /* Config.swift */ = {isa = PBXFileReference; lastKnownFileType = sourcecode.swift; path = Config.swift; sourceTree = "<group>"; };
/* End PBXFileReference section */

/* Begin PBXFrameworksBuildPhase section */
		FA15F37D264AA7F9001B15D9 /* Frameworks */ = {
			isa = PBXFrameworksBuildPhase;
			buildActionMask = 2147483647;
			files = (
			);
			runOnlyForDeploymentPostprocessing = 0;
		};
/* End PBXFrameworksBuildPhase section */

/* Begin PBXGroup section */
		FA15F377264AA7F9001B15D9 = {
			isa = PBXGroup;
			children = (
				FA15F382264AA7F9001B15D9 /* MyMoneeApp */,
				FA15F381264AA7F9001B15D9 /* Products */,
			);
			sourceTree = "<group>";
		};
		FA15F381264AA7F9001B15D9 /* Products */ = {
			isa = PBXGroup;
			children = (
				FA15F380264AA7F9001B15D9 /* MyMoneeApp.app */,
			);
			name = Products;
			sourceTree = "<group>";
		};
		FA15F382264AA7F9001B15D9 /* MyMoneeApp */ = {
			isa = PBXGroup;
			children = (
				FA15F3A8264AC6FA001B15D9 /* Application */,
				FA2F8782264E987500B8BF30 /* Configuration */,
				FA15F3A7264AC6E9001B15D9 /* Controllers */,
				FA15F3AB264AC725001B15D9 /* Models */,
				FA15F3A9264AC712001B15D9 /* Resources */,
				FA15F3AA264AC71F001B15D9 /* Views */,
			);
			path = MyMoneeApp;
			sourceTree = "<group>";
		};
		FA15F3A7264AC6E9001B15D9 /* Controllers */ = {
			isa = PBXGroup;
			children = (
				FAD7EBEA264BB263000E752D /* Dream */,
				FAD7EC02264BCBFE000E752D /* MainController */,
				FAD7EBE9264BB256000E752D /* Usage */,
			);
			path = Controllers;
			sourceTree = "<group>";
		};
		FA15F3A8264AC6FA001B15D9 /* Application */ = {
			isa = PBXGroup;
			children = (
				FA15F383264AA7F9001B15D9 /* AppDelegate.swift */,
				FA15F385264AA7F9001B15D9 /* SceneDelegate.swift */,
				FA15F38E264AA7FB001B15D9 /* LaunchScreen.storyboard */,
				FA15F391264AA7FB001B15D9 /* Info.plist */,
			);
			path = Application;
			sourceTree = "<group>";
		};
		FA15F3A9264AC712001B15D9 /* Resources */ = {
			isa = PBXGroup;
			children = (
				FA15F3D3264ACD24001B15D9 /* Fonts */,
				FA15F38C264AA7FB001B15D9 /* Assets.xcassets */,
			);
			path = Resources;
			sourceTree = "<group>";
		};
		FA15F3AA264AC71F001B15D9 /* Views */ = {
			isa = PBXGroup;
			children = (
				FAD7EBF7264BBFC5000E752D /* Component */,
				FA15F3AD264AC755001B15D9 /* MainTab */,
				FAD7EC1B264BD80D000E752D /* Pages */,
			);
			path = Views;
			sourceTree = "<group>";
		};
		FA15F3AB264AC725001B15D9 /* Models */ = {
			isa = PBXGroup;
			children = (
				FA9AF01D264D104400EC9109 /* CategoryUsage.swift */,
				FAD7EBB6264B82E6000E752D /* Dream.swift */,
				FAD7EBB1264AE29D000E752D /* Usage.swift */,
				FADFA9CC264F618100965CD8 /* User.swift */,
				FA034C25265111CB0055A39E /* Wallet.swift */,
			);
			path = Models;
			sourceTree = "<group>";
		};
		FA15F3AD264AC755001B15D9 /* MainTab */ = {
			isa = PBXGroup;
			children = (
				FA15F3A1264AC5BE001B15D9 /* MainTabController.xib */,
			);
			path = MainTab;
			sourceTree = "<group>";
		};
		FA15F3B1264AC775001B15D9 /* Dream */ = {
			isa = PBXGroup;
			children = (
				FAD7EC05264BCDE2000E752D /* AddDreamViewController.xib */,
				FAD7EBF1264BBEF6000E752D /* DetailDreamViewController.xib */,
				FAD7EC0B264BD06A000E752D /* EditDreamViewController.xib */,
			);
			path = Dream;
			sourceTree = "<group>";
		};
		FA15F3C1264AC82F001B15D9 /* MainPage */ = {
			isa = PBXGroup;
			children = (
				FA15F3BD264AC7D2001B15D9 /* HomeViewController.xib */,
				FA15F3C3264AC86E001B15D9 /* DreamViewController.xib */,
				FA15F3CA264AC888001B15D9 /* ProfileViewController.xib */,
			);
			path = MainPage;
			sourceTree = "<group>";
		};
		FA15F3D3264ACD24001B15D9 /* Fonts */ = {
			isa = PBXGroup;
			children = (
				FA15F3FB264ACFFA001B15D9 /* Poppins-Black.ttf */,
				FA15F3FE264ACFFB001B15D9 /* Poppins-BlackItalic.ttf */,
				FA15F3FC264ACFFB001B15D9 /* Poppins-Bold.ttf */,
				FA15F401264ACFFB001B15D9 /* Poppins-BoldItalic.ttf */,
				FA15F40A264ACFFB001B15D9 /* Poppins-ExtraBold.ttf */,
				FA15F404264ACFFB001B15D9 /* Poppins-ExtraBoldItalic.ttf */,
				FA15F407264ACFFB001B15D9 /* Poppins-ExtraLight.ttf */,
				FA15F3FD264ACFFB001B15D9 /* Poppins-ExtraLightItalic.ttf */,
				FA15F3FF264ACFFB001B15D9 /* Poppins-Italic.ttf */,
				FA15F409264ACFFB001B15D9 /* Poppins-Light.ttf */,
				FA15F405264ACFFB001B15D9 /* Poppins-LightItalic.ttf */,
				FA15F406264ACFFB001B15D9 /* Poppins-Medium.ttf */,
				FA15F408264ACFFB001B15D9 /* Poppins-MediumItalic.ttf */,
				FA15F3FA264ACFFA001B15D9 /* Poppins-Regular.ttf */,
				FA15F402264ACFFB001B15D9 /* Poppins-SemiBold.ttf */,
				FA15F40B264ACFFB001B15D9 /* Poppins-SemiBoldItalic.ttf */,
				FA15F403264ACFFB001B15D9 /* Poppins-Thin.ttf */,
				FA15F400264ACFFB001B15D9 /* Poppins-ThinItalic.ttf */,
			);
			path = Fonts;
			sourceTree = "<group>";
		};
		FA15F422264ADBE3001B15D9 /* UsageTableCell */ = {
			isa = PBXGroup;
			children = (
				FA15F423264ADC1E001B15D9 /* UsageTableViewCell.swift */,
				FA15F424264ADC1E001B15D9 /* UsageTableViewCell.xib */,
			);
			path = UsageTableCell;
			sourceTree = "<group>";
		};
		FA2F8782264E987500B8BF30 /* Configuration */ = {
			isa = PBXGroup;
			children = (
				FA2F878A264EE58700B8BF30 /* ButtonConfig.swift */,
				FA2F8783264E987E00B8BF30 /* ConvertDataType.swift */,
				FAD7EBD2264B9D47000E752D /* ColorConfig.swift */,
				FA2F878D264EE79400B8BF30 /* Shadow.swift */,
				FADFA9DA264FA16B00965CD8 /* Config.swift */,
				FA034C212650E06D0055A39E /* NavConfig.swift */,
			);
			path = Configuration;
			sourceTree = "<group>";
		};
		FA9AF016264D0E2D00EC9109 /* UsageTypeCell */ = {
			isa = PBXGroup;
			children = (
				FA9AF018264D0E8200EC9109 /* UsageTypeCell.swift */,
				FA9AF019264D0E8200EC9109 /* UsageTypeCell.xib */,
			);
			path = UsageTypeCell;
			sourceTree = "<group>";
		};
		FAD7EBB5264B82CE000E752D /* DreamTableCell */ = {
			isa = PBXGroup;
			children = (
				FAD7EBBB264B82FE000E752D /* DreamTableViewCell.swift */,
				FAD7EBBC264B82FE000E752D /* DreamTableViewCell.xib */,
			);
			path = DreamTableCell;
			sourceTree = "<group>";
		};
		FAD7EBE9264BB256000E752D /* Usage */ = {
			isa = PBXGroup;
			children = (
				FAD7EBD5264B9FD7000E752D /* AddUsageViewController.swift */,
				FAD7EBC3264B90B5000E752D /* DetailUsageViewController.swift */,
				FAD7EBE3264BAF7E000E752D /* EditUsageViewController.swift */,
			);
			path = Usage;
			sourceTree = "<group>";
		};
		FAD7EBEA264BB263000E752D /* Dream */ = {
			isa = PBXGroup;
			children = (
				FAD7EC04264BCDE2000E752D /* AddDreamViewController.swift */,
				FAD7EBF0264BBEF6000E752D /* DetailDreamViewController.swift */,
				FAD7EC0A264BD06A000E752D /* EditDreamViewController.swift */,
			);
			path = Dream;
			sourceTree = "<group>";
		};
		FAD7EBF5264BBF0B000E752D /* Usage */ = {
			isa = PBXGroup;
			children = (
				FAD7EBD6264B9FD7000E752D /* AddUsageViewController.xib */,
				FAD7EBC4264B90B5000E752D /* DetailUsageViewController.xib */,
				FAD7EBE4264BAF7E000E752D /* EditUsageViewController.xib */,
			);
			path = Usage;
			sourceTree = "<group>";
		};
		FAD7EBF7264BBFC5000E752D /* Component */ = {
			isa = PBXGroup;
			children = (
				FAD7EBB5264B82CE000E752D /* DreamTableCell */,
				FADFA9CF264F654B00965CD8 /* NotFound */,
				FA15F422264ADBE3001B15D9 /* UsageTableCell */,
				FA9AF016264D0E2D00EC9109 /* UsageTypeCell */,
			);
			path = Component;
			sourceTree = "<group>";
		};
		FAD7EC02264BCBFE000E752D /* MainController */ = {
			isa = PBXGroup;
			children = (
				FA15F3BC264AC7D2001B15D9 /* HomeViewController.swift */,
				FA15F3C2264AC86E001B15D9 /* DreamViewController.swift */,
				FA15F3A0264AC5BE001B15D9 /* MainTabController.swift */,
				FA15F3C9264AC888001B15D9 /* ProfileViewController.swift */,
			);
			path = MainController;
			sourceTree = "<group>";
		};
		FAD7EC1B264BD80D000E752D /* Pages */ = {
			isa = PBXGroup;
			children = (
				FA15F3B1264AC775001B15D9 /* Dream */,
				FA15F3C1264AC82F001B15D9 /* MainPage */,
				FAD7EBF5264BBF0B000E752D /* Usage */,
			);
			path = Pages;
			sourceTree = "<group>";
		};
		FADFA9CF264F654B00965CD8 /* NotFound */ = {
			isa = PBXGroup;
			children = (
				FADFA9D0264F657A00965CD8 /* NotFound.swift */,
				FADFA9D4264F658900965CD8 /* NotFound.xib */,
			);
			path = NotFound;
			sourceTree = "<group>";
		};
/* End PBXGroup section */

/* Begin PBXNativeTarget section */
		FA15F37F264AA7F9001B15D9 /* MyMoneeApp */ = {
			isa = PBXNativeTarget;
			buildConfigurationList = FA15F394264AA7FB001B15D9 /* Build configuration list for PBXNativeTarget "MyMoneeApp" */;
			buildPhases = (
				FA15F37C264AA7F9001B15D9 /* Sources */,
				FA15F37D264AA7F9001B15D9 /* Frameworks */,
				FA15F37E264AA7F9001B15D9 /* Resources */,
			);
			buildRules = (
			);
			dependencies = (
			);
			name = MyMoneeApp;
			productName = MyMoneeApp;
			productReference = FA15F380264AA7F9001B15D9 /* MyMoneeApp.app */;
			productType = "com.apple.product-type.application";
		};
/* End PBXNativeTarget section */

/* Begin PBXProject section */
		FA15F378264AA7F9001B15D9 /* Project object */ = {
			isa = PBXProject;
			attributes = {
				LastSwiftUpdateCheck = 1240;
				LastUpgradeCheck = 1240;
				TargetAttributes = {
					FA15F37F264AA7F9001B15D9 = {
						CreatedOnToolsVersion = 12.4;
					};
				};
			};
			buildConfigurationList = FA15F37B264AA7F9001B15D9 /* Build configuration list for PBXProject "MyMoneeApp" */;
			compatibilityVersion = "Xcode 9.3";
			developmentRegion = en;
			hasScannedForEncodings = 0;
			knownRegions = (
				en,
				Base,
			);
			mainGroup = FA15F377264AA7F9001B15D9;
			productRefGroup = FA15F381264AA7F9001B15D9 /* Products */;
			projectDirPath = "";
			projectRoot = "";
			targets = (
				FA15F37F264AA7F9001B15D9 /* MyMoneeApp */,
			);
		};
/* End PBXProject section */

/* Begin PBXResourcesBuildPhase section */
		FA15F37E264AA7F9001B15D9 /* Resources */ = {
			isa = PBXResourcesBuildPhase;
			buildActionMask = 2147483647;
			files = (
				FAD7EBFF264BC927000E752D /* DetailDreamViewController.xib in Resources */,
				FA15F40D264AD024001B15D9 /* Poppins-Black.ttf in Resources */,
				FA15F40E264AD024001B15D9 /* Poppins-BlackItalic.ttf in Resources */,
				FA15F40F264AD024001B15D9 /* Poppins-Bold.ttf in Resources */,
				FAD7EBC6264B90B5000E752D /* DetailUsageViewController.xib in Resources */,
				FADFA9D5264F658900965CD8 /* NotFound.xib in Resources */,
				FAD7EBD8264B9FD7000E752D /* AddUsageViewController.xib in Resources */,
				FAD7EC0D264BD06A000E752D /* EditDreamViewController.xib in Resources */,
				FAD7EBBE264B82FE000E752D /* DreamTableViewCell.xib in Resources */,
				FA15F410264AD024001B15D9 /* Poppins-BoldItalic.ttf in Resources */,
				FA15F411264AD024001B15D9 /* Poppins-ExtraBold.ttf in Resources */,
				FA15F412264AD024001B15D9 /* Poppins-ExtraBoldItalic.ttf in Resources */,
				FA15F413264AD024001B15D9 /* Poppins-ExtraLight.ttf in Resources */,
				FA15F414264AD024001B15D9 /* Poppins-ExtraLightItalic.ttf in Resources */,
				FA15F415264AD024001B15D9 /* Poppins-Italic.ttf in Resources */,
				FA15F416264AD024001B15D9 /* Poppins-Light.ttf in Resources */,
				FA15F417264AD024001B15D9 /* Poppins-LightItalic.ttf in Resources */,
				FA15F426264ADC1E001B15D9 /* UsageTableViewCell.xib in Resources */,
				FA15F418264AD024001B15D9 /* Poppins-Medium.ttf in Resources */,
				FAD7EC07264BCDE2000E752D /* AddDreamViewController.xib in Resources */,
				FA15F419264AD024001B15D9 /* Poppins-MediumItalic.ttf in Resources */,
				FA15F41A264AD024001B15D9 /* Poppins-Regular.ttf in Resources */,
				FA15F41B264AD024001B15D9 /* Poppins-SemiBold.ttf in Resources */,
				FA9AF01B264D0E8200EC9109 /* UsageTypeCell.xib in Resources */,
				FA15F41C264AD024001B15D9 /* Poppins-SemiBoldItalic.ttf in Resources */,
				FA15F41D264AD024001B15D9 /* Poppins-Thin.ttf in Resources */,
				FA15F41E264AD024001B15D9 /* Poppins-ThinItalic.ttf in Resources */,
				FA15F3CC264AC888001B15D9 /* ProfileViewController.xib in Resources */,
				FA15F3C5264AC86E001B15D9 /* DreamViewController.xib in Resources */,
				FA15F390264AA7FB001B15D9 /* LaunchScreen.storyboard in Resources */,
				FA15F38D264AA7FB001B15D9 /* Assets.xcassets in Resources */,
				FA15F3A3264AC5BE001B15D9 /* MainTabController.xib in Resources */,
				FAD7EBE6264BAF7E000E752D /* EditUsageViewController.xib in Resources */,
				FA15F3BF264AC7D2001B15D9 /* HomeViewController.xib in Resources */,
			);
			runOnlyForDeploymentPostprocessing = 0;
		};
/* End PBXResourcesBuildPhase section */

/* Begin PBXSourcesBuildPhase section */
		FA15F37C264AA7F9001B15D9 /* Sources */ = {
			isa = PBXSourcesBuildPhase;
			buildActionMask = 2147483647;
			files = (
				FA2F878E264EE79400B8BF30 /* Shadow.swift in Sources */,
				FA15F3CB264AC888001B15D9 /* ProfileViewController.swift in Sources */,
				FADFA9D1264F657A00965CD8 /* NotFound.swift in Sources */,
				FA15F3C4264AC86E001B15D9 /* DreamViewController.swift in Sources */,
				FADFA9CD264F618100965CD8 /* User.swift in Sources */,
				FADFA9DB264FA16B00965CD8 /* Config.swift in Sources */,
				FAD7EBB2264AE29D000E752D /* Usage.swift in Sources */,
				FA15F384264AA7F9001B15D9 /* AppDelegate.swift in Sources */,
				FAD7EBD3264B9D47000E752D /* ColorConfig.swift in Sources */,
				FA15F3A2264AC5BE001B15D9 /* MainTabController.swift in Sources */,
				FAD7EBD7264B9FD7000E752D /* AddUsageViewController.swift in Sources */,
				FA034C222650E06D0055A39E /* NavConfig.swift in Sources */,
				FAD7EBBD264B82FE000E752D /* DreamTableViewCell.swift in Sources */,
				FAD7EBE5264BAF7E000E752D /* EditUsageViewController.swift in Sources */,
				FA2F878B264EE58700B8BF30 /* ButtonConfig.swift in Sources */,
				FA034C26265111CB0055A39E /* Wallet.swift in Sources */,
				FAD7EBB7264B82E6000E752D /* Dream.swift in Sources */,
				FA9AF01E264D104400EC9109 /* CategoryUsage.swift in Sources */,
				FA2F8784264E987E00B8BF30 /* ConvertDataType.swift in Sources */,
				FA15F386264AA7F9001B15D9 /* SceneDelegate.swift in Sources */,
				FA15F425264ADC1E001B15D9 /* UsageTableViewCell.swift in Sources */,
				FA9AF01A264D0E8200EC9109 /* UsageTypeCell.swift in Sources */,
				FAD7EBF2264BBEF6000E752D /* DetailDreamViewController.swift in Sources */,
				FA15F3BE264AC7D2001B15D9 /* HomeViewController.swift in Sources */,
				FAD7EC06264BCDE2000E752D /* AddDreamViewController.swift in Sources */,
				FAD7EC0C264BD06A000E752D /* EditDreamViewController.swift in Sources */,
				FAD7EBC5264B90B5000E752D /* DetailUsageViewController.swift in Sources */,
			);
			runOnlyForDeploymentPostprocessing = 0;
		};
/* End PBXSourcesBuildPhase section */

/* Begin PBXVariantGroup section */
		FA15F38E264AA7FB001B15D9 /* LaunchScreen.storyboard */ = {
			isa = PBXVariantGroup;
			children = (
				FA15F38F264AA7FB001B15D9 /* Base */,
			);
			name = LaunchScreen.storyboard;
			sourceTree = "<group>";
		};
/* End PBXVariantGroup section */

/* Begin XCBuildConfiguration section */
		FA15F392264AA7FB001B15D9 /* Debug */ = {
			isa = XCBuildConfiguration;
			buildSettings = {
				ALWAYS_SEARCH_USER_PATHS = NO;
				CLANG_ANALYZER_NONNULL = YES;
				CLANG_ANALYZER_NUMBER_OBJECT_CONVERSION = YES_AGGRESSIVE;
				CLANG_CXX_LANGUAGE_STANDARD = "gnu++14";
				CLANG_CXX_LIBRARY = "libc++";
				CLANG_ENABLE_MODULES = YES;
				CLANG_ENABLE_OBJC_ARC = YES;
				CLANG_ENABLE_OBJC_WEAK = YES;
				CLANG_WARN_BLOCK_CAPTURE_AUTORELEASING = YES;
				CLANG_WARN_BOOL_CONVERSION = YES;
				CLANG_WARN_COMMA = YES;
				CLANG_WARN_CONSTANT_CONVERSION = YES;
				CLANG_WARN_DEPRECATED_OBJC_IMPLEMENTATIONS = YES;
				CLANG_WARN_DIRECT_OBJC_ISA_USAGE = YES_ERROR;
				CLANG_WARN_DOCUMENTATION_COMMENTS = YES;
				CLANG_WARN_EMPTY_BODY = YES;
				CLANG_WARN_ENUM_CONVERSION = YES;
				CLANG_WARN_INFINITE_RECURSION = YES;
				CLANG_WARN_INT_CONVERSION = YES;
				CLANG_WARN_NON_LITERAL_NULL_CONVERSION = YES;
				CLANG_WARN_OBJC_IMPLICIT_RETAIN_SELF = YES;
				CLANG_WARN_OBJC_LITERAL_CONVERSION = YES;
				CLANG_WARN_OBJC_ROOT_CLASS = YES_ERROR;
				CLANG_WARN_QUOTED_INCLUDE_IN_FRAMEWORK_HEADER = YES;
				CLANG_WARN_RANGE_LOOP_ANALYSIS = YES;
				CLANG_WARN_STRICT_PROTOTYPES = YES;
				CLANG_WARN_SUSPICIOUS_MOVE = YES;
				CLANG_WARN_UNGUARDED_AVAILABILITY = YES_AGGRESSIVE;
				CLANG_WARN_UNREACHABLE_CODE = YES;
				CLANG_WARN__DUPLICATE_METHOD_MATCH = YES;
				COPY_PHASE_STRIP = NO;
				DEBUG_INFORMATION_FORMAT = dwarf;
				ENABLE_STRICT_OBJC_MSGSEND = YES;
				ENABLE_TESTABILITY = YES;
				GCC_C_LANGUAGE_STANDARD = gnu11;
				GCC_DYNAMIC_NO_PIC = NO;
				GCC_NO_COMMON_BLOCKS = YES;
				GCC_OPTIMIZATION_LEVEL = 0;
				GCC_PREPROCESSOR_DEFINITIONS = (
					"DEBUG=1",
					"$(inherited)",
				);
				GCC_WARN_64_TO_32_BIT_CONVERSION = YES;
				GCC_WARN_ABOUT_RETURN_TYPE = YES_ERROR;
				GCC_WARN_UNDECLARED_SELECTOR = YES;
				GCC_WARN_UNINITIALIZED_AUTOS = YES_AGGRESSIVE;
				GCC_WARN_UNUSED_FUNCTION = YES;
				GCC_WARN_UNUSED_VARIABLE = YES;
				IPHONEOS_DEPLOYMENT_TARGET = 14.4;
				MTL_ENABLE_DEBUG_INFO = INCLUDE_SOURCE;
				MTL_FAST_MATH = YES;
				ONLY_ACTIVE_ARCH = YES;
				SDKROOT = iphoneos;
				SWIFT_ACTIVE_COMPILATION_CONDITIONS = DEBUG;
				SWIFT_OPTIMIZATION_LEVEL = "-Onone";
			};
			name = Debug;
		};
		FA15F393264AA7FB001B15D9 /* Release */ = {
			isa = XCBuildConfiguration;
			buildSettings = {
				ALWAYS_SEARCH_USER_PATHS = NO;
				CLANG_ANALYZER_NONNULL = YES;
				CLANG_ANALYZER_NUMBER_OBJECT_CONVERSION = YES_AGGRESSIVE;
				CLANG_CXX_LANGUAGE_STANDARD = "gnu++14";
				CLANG_CXX_LIBRARY = "libc++";
				CLANG_ENABLE_MODULES = YES;
				CLANG_ENABLE_OBJC_ARC = YES;
				CLANG_ENABLE_OBJC_WEAK = YES;
				CLANG_WARN_BLOCK_CAPTURE_AUTORELEASING = YES;
				CLANG_WARN_BOOL_CONVERSION = YES;
				CLANG_WARN_COMMA = YES;
				CLANG_WARN_CONSTANT_CONVERSION = YES;
				CLANG_WARN_DEPRECATED_OBJC_IMPLEMENTATIONS = YES;
				CLANG_WARN_DIRECT_OBJC_ISA_USAGE = YES_ERROR;
				CLANG_WARN_DOCUMENTATION_COMMENTS = YES;
				CLANG_WARN_EMPTY_BODY = YES;
				CLANG_WARN_ENUM_CONVERSION = YES;
				CLANG_WARN_INFINITE_RECURSION = YES;
				CLANG_WARN_INT_CONVERSION = YES;
				CLANG_WARN_NON_LITERAL_NULL_CONVERSION = YES;
				CLANG_WARN_OBJC_IMPLICIT_RETAIN_SELF = YES;
				CLANG_WARN_OBJC_LITERAL_CONVERSION = YES;
				CLANG_WARN_OBJC_ROOT_CLASS = YES_ERROR;
				CLANG_WARN_QUOTED_INCLUDE_IN_FRAMEWORK_HEADER = YES;
				CLANG_WARN_RANGE_LOOP_ANALYSIS = YES;
				CLANG_WARN_STRICT_PROTOTYPES = YES;
				CLANG_WARN_SUSPICIOUS_MOVE = YES;
				CLANG_WARN_UNGUARDED_AVAILABILITY = YES_AGGRESSIVE;
				CLANG_WARN_UNREACHABLE_CODE = YES;
				CLANG_WARN__DUPLICATE_METHOD_MATCH = YES;
				COPY_PHASE_STRIP = NO;
				DEBUG_INFORMATION_FORMAT = "dwarf-with-dsym";
				ENABLE_NS_ASSERTIONS = NO;
				ENABLE_STRICT_OBJC_MSGSEND = YES;
				GCC_C_LANGUAGE_STANDARD = gnu11;
				GCC_NO_COMMON_BLOCKS = YES;
				GCC_WARN_64_TO_32_BIT_CONVERSION = YES;
				GCC_WARN_ABOUT_RETURN_TYPE = YES_ERROR;
				GCC_WARN_UNDECLARED_SELECTOR = YES;
				GCC_WARN_UNINITIALIZED_AUTOS = YES_AGGRESSIVE;
				GCC_WARN_UNUSED_FUNCTION = YES;
				GCC_WARN_UNUSED_VARIABLE = YES;
				IPHONEOS_DEPLOYMENT_TARGET = 14.4;
				MTL_ENABLE_DEBUG_INFO = NO;
				MTL_FAST_MATH = YES;
				SDKROOT = iphoneos;
				SWIFT_COMPILATION_MODE = wholemodule;
				SWIFT_OPTIMIZATION_LEVEL = "-O";
				VALIDATE_PRODUCT = YES;
			};
			name = Release;
		};
		FA15F395264AA7FB001B15D9 /* Debug */ = {
			isa = XCBuildConfiguration;
			buildSettings = {
				ASSETCATALOG_COMPILER_APPICON_NAME = AppIcon;
				ASSETCATALOG_COMPILER_GLOBAL_ACCENT_COLOR_NAME = AccentColor;
				CODE_SIGN_STYLE = Automatic;
				DEVELOPMENT_TEAM = M8XS2W68DL;
				INFOPLIST_FILE = "$(SRCROOT)/MyMoneeApp/Application/Info.plist";
				LD_RUNPATH_SEARCH_PATHS = (
					"$(inherited)",
					"@executable_path/Frameworks",
				);
				PRODUCT_BUNDLE_IDENTIFIER = com.mandiri.MyMoneeApp;
				PRODUCT_NAME = "$(TARGET_NAME)";
				SWIFT_VERSION = 5.0;
				TARGETED_DEVICE_FAMILY = "1,2";
			};
			name = Debug;
		};
		FA15F396264AA7FB001B15D9 /* Release */ = {
			isa = XCBuildConfiguration;
			buildSettings = {
				ASSETCATALOG_COMPILER_APPICON_NAME = AppIcon;
				ASSETCATALOG_COMPILER_GLOBAL_ACCENT_COLOR_NAME = AccentColor;
				CODE_SIGN_STYLE = Automatic;
				DEVELOPMENT_TEAM = M8XS2W68DL;
				INFOPLIST_FILE = "$(SRCROOT)/MyMoneeApp/Application/Info.plist";
				LD_RUNPATH_SEARCH_PATHS = (
					"$(inherited)",
					"@executable_path/Frameworks",
				);
				PRODUCT_BUNDLE_IDENTIFIER = com.mandiri.MyMoneeApp;
				PRODUCT_NAME = "$(TARGET_NAME)";
				SWIFT_VERSION = 5.0;
				TARGETED_DEVICE_FAMILY = "1,2";
			};
			name = Release;
		};
/* End XCBuildConfiguration section */

/* Begin XCConfigurationList section */
		FA15F37B264AA7F9001B15D9 /* Build configuration list for PBXProject "MyMoneeApp" */ = {
			isa = XCConfigurationList;
			buildConfigurations = (
				FA15F392264AA7FB001B15D9 /* Debug */,
				FA15F393264AA7FB001B15D9 /* Release */,
			);
			defaultConfigurationIsVisible = 0;
			defaultConfigurationName = Release;
		};
		FA15F394264AA7FB001B15D9 /* Build configuration list for PBXNativeTarget "MyMoneeApp" */ = {
			isa = XCConfigurationList;
			buildConfigurations = (
				FA15F395264AA7FB001B15D9 /* Debug */,
				FA15F396264AA7FB001B15D9 /* Release */,
			);
			defaultConfigurationIsVisible = 0;
			defaultConfigurationName = Release;
		};
/* End XCConfigurationList section */
	};
	rootObject = FA15F378264AA7F9001B15D9 /* Project object */;
}
